
Microsoft Visual Studio Solution File, Format Version 12.00
# Visual Studio 2017
Project("{FAE04EC0-301F-11D3-BF4B-00C04F79EFBC}") = "Unity.Postprocessing.Runtime", "Unity.Postprocessing.Runtime.csproj", "{49FCAFB7-7D0A-B3F6-2171-B4248A94EC21}"
EndProject
Project("{FAE04EC0-301F-11D3-BF4B-00C04F79EFBC}") = "Chernobyl1986", "Chernobyl1986.csproj", "{23EC816A-0A1B-BD1C-7D99-7E3643FDE6E8}"
EndProject
Project("{FAE04EC0-301F-11D3-BF4B-00C04F79EFBC}") = "Unity.TextMeshPro", "Unity.TextMeshPro.csproj", "{07A21C90-D344-AE1A-8456-9910C203B41A}"
EndProject
Project("{FAE04EC0-301F-11D3-BF4B-00C04F79EFBC}") = "Chernobyl1986.Plugins", "Chernobyl1986.Plugins.csproj", "{77BC4805-E03C-8AA5-935F-5EAFBCA1D0F8}"
EndProject
Project("{FAE04EC0-301F-11D3-BF4B-00C04F79EFBC}") = "Unity.ProGrids", "Unity.ProGrids.csproj", "{23450A3B-DD10-D6DE-896F-2D4F8941F4B4}"
EndProject
Project("{FAE04EC0-301F-11D3-BF4B-00C04F79EFBC}") = "Chernobyl1986.Editor", "Chernobyl1986.Editor.csproj", "{E893B0B8-4CA5-B017-5D18-AE08C8C6E94C}"
EndProject
Project("{FAE04EC0-301F-11D3-BF4B-00C04F79EFBC}") = "Chernobyl1986.Editor.Plugins", "Chernobyl1986.Editor.Plugins.csproj", "{DEC0FECB-0833-9075-FE7C-74049CA347F9}"
EndProject
Project("{FAE04EC0-301F-11D3-BF4B-00C04F79EFBC}") = "Unity.PackageManagerUI.Editor", "Unity.PackageManagerUI.Editor.csproj", "{6877705C-FBD9-0C4F-5AFB-6FB431E5D39D}"
EndProject
Project("{FAE04EC0-301F-11D3-BF4B-00C04F79EFBC}") = "Unity.ProGrids.Editor", "Unity.ProGrids.Editor.csproj", "{E913EAA8-A9B5-A283-DA3E-82F1B9EE0798}"
EndProject
Project("{FAE04EC0-301F-11D3-BF4B-00C04F79EFBC}") = "Unity.Postprocessing.Editor", "Unity.Postprocessing.Editor.csproj", "{CBEC4DCB-1B2B-E03B-0387-393C59967E8B}"
EndProject
Project("{FAE04EC0-301F-11D3-BF4B-00C04F79EFBC}") = "Unity.TextMeshPro.Editor", "Unity.TextMeshPro.Editor.csproj", "{3A848AB7-9891-EDDA-D555-BF184C2F81F4}"
EndProject
Project("{FAE04EC0-301F-11D3-BF4B-00C04F79EFBC}") = "Unity.CollabProxy.Editor", "Unity.CollabProxy.Editor.csproj", "{C12CEEC6-100C-58A2-DE36-314E4DE5E40B}"
EndProject
Global
	GlobalSection(SolutionConfigurationPlatforms) = preSolution
		Debug|Any CPU = Debug|Any CPU
		Release|Any CPU = Release|Any CPU
	EndGlobalSection
	GlobalSection(ProjectConfigurationPlatforms) = postSolution
		{49FCAFB7-7D0A-B3F6-2171-B4248A94EC21}.Debug|Any CPU.ActiveCfg = Debug|Any CPU
		{49FCAFB7-7D0A-B3F6-2171-B4248A94EC21}.Debug|Any CPU.Build.0 = Debug|Any CPU
		{49FCAFB7-7D0A-B3F6-2171-B4248A94EC21}.Release|Any CPU.ActiveCfg = Release|Any CPU
		{49FCAFB7-7D0A-B3F6-2171-B4248A94EC21}.Release|Any CPU.Build.0 = Release|Any CPU
		{23EC816A-0A1B-BD1C-7D99-7E3643FDE6E8}.Debug|Any CPU.ActiveCfg = Debug|Any CPU
		{23EC816A-0A1B-BD1C-7D99-7E3643FDE6E8}.Debug|Any CPU.Build.0 = Debug|Any CPU
		{23EC816A-0A1B-BD1C-7D99-7E3643FDE6E8}.Release|Any CPU.ActiveCfg = Release|Any CPU
		{23EC816A-0A1B-BD1C-7D99-7E3643FDE6E8}.Release|Any CPU.Build.0 = Release|Any CPU
		{07A21C90-D344-AE1A-8456-9910C203B41A}.Debug|Any CPU.ActiveCfg = Debug|Any CPU
		{07A21C90-D344-AE1A-8456-9910C203B41A}.Debug|Any CPU.Build.0 = Debug|Any CPU
		{07A21C90-D344-AE1A-8456-9910C203B41A}.Release|Any CPU.ActiveCfg = Release|Any CPU
		{07A21C90-D344-AE1A-8456-9910C203B41A}.Release|Any CPU.Build.0 = Release|Any CPU
		{77BC4805-E03C-8AA5-935F-5EAFBCA1D0F8}.Debug|Any CPU.ActiveCfg = Debug|Any CPU
		{77BC4805-E03C-8AA5-935F-5EAFBCA1D0F8}.Debug|Any CPU.Build.0 = Debug|Any CPU
		{77BC4805-E03C-8AA5-935F-5EAFBCA1D0F8}.Release|Any CPU.ActiveCfg = Release|Any CPU
		{77BC4805-E03C-8AA5-935F-5EAFBCA1D0F8}.Release|Any CPU.Build.0 = Release|Any CPU
		{23450A3B-DD10-D6DE-896F-2D4F8941F4B4}.Debug|Any CPU.ActiveCfg = Debug|Any CPU
		{23450A3B-DD10-D6DE-896F-2D4F8941F4B4}.Debug|Any CPU.Build.0 = Debug|Any CPU
		{23450A3B-DD10-D6DE-896F-2D4F8941F4B4}.Release|Any CPU.ActiveCfg = Release|Any CPU
		{23450A3B-DD10-D6DE-896F-2D4F8941F4B4}.Release|Any CPU.Build.0 = Release|Any CPU
		{E893B0B8-4CA5-B017-5D18-AE08C8C6E94C}.Debug|Any CPU.ActiveCfg = Debug|Any CPU
		{E893B0B8-4CA5-B017-5D18-AE08C8C6E94C}.Debug|Any CPU.Build.0 = Debug|Any CPU
		{E893B0B8-4CA5-B017-5D18-AE08C8C6E94C}.Release|Any CPU.ActiveCfg = Release|Any CPU
		{E893B0B8-4CA5-B017-5D18-AE08C8C6E94C}.Release|Any CPU.Build.0 = Release|Any CPU
		{DEC0FECB-0833-9075-FE7C-74049CA347F9}.Debug|Any CPU.ActiveCfg = Debug|Any CPU
		{DEC0FECB-0833-9075-FE7C-74049CA347F9}.Debug|Any CPU.Build.0 = Debug|Any CPU
		{DEC0FECB-0833-9075-FE7C-74049CA347F9}.Release|Any CPU.ActiveCfg = Release|Any CPU
		{DEC0FECB-0833-9075-FE7C-74049CA347F9}.Release|Any CPU.Build.0 = Release|Any CPU
		{6877705C-FBD9-0C4F-5AFB-6FB431E5D39D}.Debug|Any CPU.ActiveCfg = Debug|Any CPU
		{6877705C-FBD9-0C4F-5AFB-6FB431E5D39D}.Debug|Any CPU.Build.0 = Debug|Any CPU
		{6877705C-FBD9-0C4F-5AFB-6FB431E5D39D}.Release|Any CPU.ActiveCfg = Release|Any CPU
		{6877705C-FBD9-0C4F-5AFB-6FB431E5D39D}.Release|Any CPU.Build.0 = Release|Any CPU
		{E913EAA8-A9B5-A283-DA3E-82F1B9EE0798}.Debug|Any CPU.ActiveCfg = Debug|Any CPU
		{E913EAA8-A9B5-A283-DA3E-82F1B9EE0798}.Debug|Any CPU.Build.0 = Debug|Any CPU
		{E913EAA8-A9B5-A283-DA3E-82F1B9EE0798}.Release|Any CPU.ActiveCfg = Release|Any CPU
		{E913EAA8-A9B5-A283-DA3E-82F1B9EE0798}.Release|Any CPU.Build.0 = Release|Any CPU
		{CBEC4DCB-1B2B-E03B-0387-393C59967E8B}.Debug|Any CPU.ActiveCfg = Debug|Any CPU
		{CBEC4DCB-1B2B-E03B-0387-393C59967E8B}.Debug|Any CPU.Build.0 = Debug|Any CPU
		{CBEC4DCB-1B2B-E03B-0387-393C59967E8B}.Release|Any CPU.ActiveCfg = Release|Any CPU
		{CBEC4DCB-1B2B-E03B-0387-393C59967E8B}.Release|Any CPU.Build.0 = Release|Any CPU
		{3A848AB7-9891-EDDA-D555-BF184C2F81F4}.Debug|Any CPU.ActiveCfg = Debug|Any CPU
		{3A848AB7-9891-EDDA-D555-BF184C2F81F4}.Debug|Any CPU.Build.0 = Debug|Any CPU
		{3A848AB7-9891-EDDA-D555-BF184C2F81F4}.Release|Any CPU.ActiveCfg = Release|Any CPU
		{3A848AB7-9891-EDDA-D555-BF184C2F81F4}.Release|Any CPU.Build.0 = Release|Any CPU
		{C12CEEC6-100C-58A2-DE36-314E4DE5E40B}.Debug|Any CPU.ActiveCfg = Debug|Any CPU
		{C12CEEC6-100C-58A2-DE36-314E4DE5E40B}.Debug|Any CPU.Build.0 = Debug|Any CPU
		{C12CEEC6-100C-58A2-DE36-314E4DE5E40B}.Release|Any CPU.ActiveCfg = Release|Any CPU
		{C12CEEC6-100C-58A2-DE36-314E4DE5E40B}.Release|Any CPU.Build.0 = Release|Any CPU
	EndGlobalSection
	GlobalSection(SolutionProperties) = preSolution
		HideSolutionNode = FALSE
	EndGlobalSection
EndGlobal
